
Microsoft Visual Studio Solution File, Format Version 11.00
# Visual Studio 2010
Project("{FAE04EC0-301F-11D3-BF4B-00C04F79EFBC}") = "WebApplication1", "WebApplication1\WebApplication1.csproj", "{AACCB027-0431-41E0-A943-232FE4ADD32B}"
EndProject
Global
	GlobalSection(SolutionConfigurationPlatforms) = preSolution
		Debug|Any CPU = Debug|Any CPU
		Release|Any CPU = Release|Any CPU
	EndGlobalSection
	GlobalSection(ProjectConfigurationPlatforms) = postSolution
		{AACCB027-0431-41E0-A943-232FE4ADD32B}.Debug|Any CPU.ActiveCfg = Debug|Any CPU
		{AACCB027-0431-41E0-A943-232FE4ADD32B}.Debug|Any CPU.Build.0 = Debug|Any CPU
		{AACCB027-0431-41E0-A943-232FE4ADD32B}.Release|Any CPU.ActiveCfg = Release|Any CPU
		{AACCB027-0431-41E0-A943-232FE4ADD32B}.Release|Any CPU.Build.0 = Release|Any CPU
	EndGlobalSection
	GlobalSection(SolutionProperties) = preSolution
		HideSolutionNode = FALSE
	EndGlobalSection
EndGlobal
